// !$*UTF8*$!
{
	archiveVersion = 1;
	classes = {
	};
	objectVersion = 46;
	objects = {

/* Begin PBXBuildFile section */
		2224E11717885CD800F7EE78 /* ImageIO.framework in Frameworks */ = {isa = PBXBuildFile; fileRef = 2224E11617885CD800F7EE78 /* ImageIO.framework */; };
		229165221788195500AAFFF2 /* SSVideoCaptureProcessor.m in Sources */ = {isa = PBXBuildFile; fileRef = 229165211788195500AAFFF2 /* SSVideoCaptureProcessor.m */; };
		2291652417881D9100AAFFF2 /* CoreImage.framework in Frameworks */ = {isa = PBXBuildFile; fileRef = 2291652317881D9100AAFFF2 /* CoreImage.framework */; };
		22A93A871787C4580074E381 /* Foundation.framework in Frameworks */ = {isa = PBXBuildFile; fileRef = 22A93A861787C4580074E381 /* Foundation.framework */; };
		22A93A891787C4580074E381 /* CoreGraphics.framework in Frameworks */ = {isa = PBXBuildFile; fileRef = 22A93A881787C4580074E381 /* CoreGraphics.framework */; };
		22A93A8B1787C4580074E381 /* UIKit.framework in Frameworks */ = {isa = PBXBuildFile; fileRef = 22A93A8A1787C4580074E381 /* UIKit.framework */; };
		22A93A911787C4580074E381 /* InfoPlist.strings in Resources */ = {isa = PBXBuildFile; fileRef = 22A93A8F1787C4580074E381 /* InfoPlist.strings */; };
		22A93A931787C4580074E381 /* main.m in Sources */ = {isa = PBXBuildFile; fileRef = 22A93A921787C4580074E381 /* main.m */; };
		22A93A971787C4580074E381 /* AppDelegate.m in Sources */ = {isa = PBXBuildFile; fileRef = 22A93A961787C4580074E381 /* AppDelegate.m */; };
		22A93A991787C4580074E381 /* Images.xcassets in Resources */ = {isa = PBXBuildFile; fileRef = 22A93A981787C4580074E381 /* Images.xcassets */; };
		22A93AA01787C4590074E381 /* XCTest.framework in Frameworks */ = {isa = PBXBuildFile; fileRef = 22A93A9F1787C4590074E381 /* XCTest.framework */; };
		22A93AA11787C4590074E381 /* Foundation.framework in Frameworks */ = {isa = PBXBuildFile; fileRef = 22A93A861787C4580074E381 /* Foundation.framework */; };
		22A93AA21787C4590074E381 /* UIKit.framework in Frameworks */ = {isa = PBXBuildFile; fileRef = 22A93A8A1787C4580074E381 /* UIKit.framework */; };
		22A93AAA1787C4590074E381 /* InfoPlist.strings in Resources */ = {isa = PBXBuildFile; fileRef = 22A93AA81787C4590074E381 /* InfoPlist.strings */; };
		22A93AAC1787C4590074E381 /* smileshotTests.m in Sources */ = {isa = PBXBuildFile; fileRef = 22A93AAB1787C4590074E381 /* smileshotTests.m */; };
		22A93ABC1787C8B20074E381 /* AVFoundation.framework in Frameworks */ = {isa = PBXBuildFile; fileRef = 22A93ABB1787C8B20074E381 /* AVFoundation.framework */; };
		22A93AC0178804140074E381 /* StoreKit.framework in Frameworks */ = {isa = PBXBuildFile; fileRef = 22A93ABF178804140074E381 /* StoreKit.framework */; };
		22A93AC417880C080074E381 /* SSMainViewController.m in Sources */ = {isa = PBXBuildFile; fileRef = 22A93AC217880C080074E381 /* SSMainViewController.m */; };
		22A93AC517880C080074E381 /* SSMainViewController.xib in Resources */ = {isa = PBXBuildFile; fileRef = 22A93AC317880C080074E381 /* SSMainViewController.xib */; };
		22A93ACC17880C740074E381 /* AVImageUtil.m in Sources */ = {isa = PBXBuildFile; fileRef = 22A93ACB17880C740074E381 /* AVImageUtil.m */; };
/* End PBXBuildFile section */

/* Begin PBXContainerItemProxy section */
		22A93AA31787C4590074E381 /* PBXContainerItemProxy */ = {
			isa = PBXContainerItemProxy;
			containerPortal = 22A93A7B1787C4580074E381 /* Project object */;
			proxyType = 1;
			remoteGlobalIDString = 22A93A821787C4580074E381;
			remoteInfo = smileshot;
		};
/* End PBXContainerItemProxy section */

/* Begin PBXFileReference section */
		2224E11617885CD800F7EE78 /* ImageIO.framework */ = {isa = PBXFileReference; lastKnownFileType = wrapper.framework; name = ImageIO.framework; path = System/Library/Frameworks/ImageIO.framework; sourceTree = SDKROOT; };
		229165201788195500AAFFF2 /* SSVideoCaptureProcessor.h */ = {isa = PBXFileReference; fileEncoding = 4; lastKnownFileType = sourcecode.c.h; path = SSVideoCaptureProcessor.h; sourceTree = "<group>"; };
		229165211788195500AAFFF2 /* SSVideoCaptureProcessor.m */ = {isa = PBXFileReference; fileEncoding = 4; lastKnownFileType = sourcecode.c.objc; path = SSVideoCaptureProcessor.m; sourceTree = "<group>"; };
		2291652317881D9100AAFFF2 /* CoreImage.framework */ = {isa = PBXFileReference; lastKnownFileType = wrapper.framework; name = CoreImage.framework; path = System/Library/Frameworks/CoreImage.framework; sourceTree = SDKROOT; };
		22A93A831787C4580074E381 /* smileshot.app */ = {isa = PBXFileReference; explicitFileType = wrapper.application; includeInIndex = 0; path = smileshot.app; sourceTree = BUILT_PRODUCTS_DIR; };
		22A93A861787C4580074E381 /* Foundation.framework */ = {isa = PBXFileReference; lastKnownFileType = wrapper.framework; name = Foundation.framework; path = System/Library/Frameworks/Foundation.framework; sourceTree = SDKROOT; };
		22A93A881787C4580074E381 /* CoreGraphics.framework */ = {isa = PBXFileReference; lastKnownFileType = wrapper.framework; name = CoreGraphics.framework; path = System/Library/Frameworks/CoreGraphics.framework; sourceTree = SDKROOT; };
		22A93A8A1787C4580074E381 /* UIKit.framework */ = {isa = PBXFileReference; lastKnownFileType = wrapper.framework; name = UIKit.framework; path = System/Library/Frameworks/UIKit.framework; sourceTree = SDKROOT; };
		22A93A8E1787C4580074E381 /* smileshot-Info.plist */ = {isa = PBXFileReference; lastKnownFileType = text.plist.xml; path = "smileshot-Info.plist"; sourceTree = "<group>"; };
		22A93A901787C4580074E381 /* en */ = {isa = PBXFileReference; lastKnownFileType = text.plist.strings; name = en; path = en.lproj/InfoPlist.strings; sourceTree = "<group>"; };
		22A93A921787C4580074E381 /* main.m */ = {isa = PBXFileReference; lastKnownFileType = sourcecode.c.objc; path = main.m; sourceTree = "<group>"; };
		22A93A941787C4580074E381 /* smileshot-Prefix.pch */ = {isa = PBXFileReference; lastKnownFileType = sourcecode.c.h; path = "smileshot-Prefix.pch"; sourceTree = "<group>"; };
		22A93A951787C4580074E381 /* AppDelegate.h */ = {isa = PBXFileReference; lastKnownFileType = sourcecode.c.h; path = AppDelegate.h; sourceTree = "<group>"; };
		22A93A961787C4580074E381 /* AppDelegate.m */ = {isa = PBXFileReference; lastKnownFileType = sourcecode.c.objc; path = AppDelegate.m; sourceTree = "<group>"; };
		22A93A981787C4580074E381 /* Images.xcassets */ = {isa = PBXFileReference; lastKnownFileType = folder.assetcatalog; path = Images.xcassets; sourceTree = "<group>"; };
		22A93A9E1787C4590074E381 /* smileshotTests.xctest */ = {isa = PBXFileReference; explicitFileType = wrapper.cfbundle; includeInIndex = 0; path = smileshotTests.xctest; sourceTree = BUILT_PRODUCTS_DIR; };
		22A93A9F1787C4590074E381 /* XCTest.framework */ = {isa = PBXFileReference; lastKnownFileType = wrapper.framework; name = XCTest.framework; path = Library/Frameworks/XCTest.framework; sourceTree = DEVELOPER_DIR; };
		22A93AA71787C4590074E381 /* smileshotTests-Info.plist */ = {isa = PBXFileReference; lastKnownFileType = text.plist.xml; path = "smileshotTests-Info.plist"; sourceTree = "<group>"; };
		22A93AA91787C4590074E381 /* en */ = {isa = PBXFileReference; lastKnownFileType = text.plist.strings; name = en; path = en.lproj/InfoPlist.strings; sourceTree = "<group>"; };
		22A93AAB1787C4590074E381 /* smileshotTests.m */ = {isa = PBXFileReference; lastKnownFileType = sourcecode.c.objc; path = smileshotTests.m; sourceTree = "<group>"; };
		22A93ABB1787C8B20074E381 /* AVFoundation.framework */ = {isa = PBXFileReference; lastKnownFileType = wrapper.framework; name = AVFoundation.framework; path = System/Library/Frameworks/AVFoundation.framework; sourceTree = SDKROOT; };
		22A93ABF178804140074E381 /* StoreKit.framework */ = {isa = PBXFileReference; lastKnownFileType = wrapper.framework; name = StoreKit.framework; path = System/Library/Frameworks/StoreKit.framework; sourceTree = SDKROOT; };
		22A93AC117880C080074E381 /* SSMainViewController.h */ = {isa = PBXFileReference; fileEncoding = 4; lastKnownFileType = sourcecode.c.h; name = SSMainViewController.h; path = UI/SSMainViewController.h; sourceTree = "<group>"; };
		22A93AC217880C080074E381 /* SSMainViewController.m */ = {isa = PBXFileReference; fileEncoding = 4; lastKnownFileType = sourcecode.c.objc; name = SSMainViewController.m; path = UI/SSMainViewController.m; sourceTree = "<group>"; };
		22A93AC317880C080074E381 /* SSMainViewController.xib */ = {isa = PBXFileReference; fileEncoding = 4; lastKnownFileType = file.xib; name = SSMainViewController.xib; path = UI/SSMainViewController.xib; sourceTree = "<group>"; };
		22A93ACA17880C740074E381 /* AVImageUtil.h */ = {isa = PBXFileReference; fileEncoding = 4; lastKnownFileType = sourcecode.c.h; path = AVImageUtil.h; sourceTree = "<group>"; };
		22A93ACB17880C740074E381 /* AVImageUtil.m */ = {isa = PBXFileReference; fileEncoding = 4; lastKnownFileType = sourcecode.c.objc; path = AVImageUtil.m; sourceTree = "<group>"; };
/* End PBXFileReference section */

/* Begin PBXFrameworksBuildPhase section */
		22A93A801787C4580074E381 /* Frameworks */ = {
			isa = PBXFrameworksBuildPhase;
			buildActionMask = 2147483647;
			files = (
				2224E11717885CD800F7EE78 /* ImageIO.framework in Frameworks */,
				2291652417881D9100AAFFF2 /* CoreImage.framework in Frameworks */,
				22A93AC0178804140074E381 /* StoreKit.framework in Frameworks */,
				22A93ABC1787C8B20074E381 /* AVFoundation.framework in Frameworks */,
				22A93A891787C4580074E381 /* CoreGraphics.framework in Frameworks */,
				22A93A8B1787C4580074E381 /* UIKit.framework in Frameworks */,
				22A93A871787C4580074E381 /* Foundation.framework in Frameworks */,
			);
			runOnlyForDeploymentPostprocessing = 0;
		};
		22A93A9B1787C4590074E381 /* Frameworks */ = {
			isa = PBXFrameworksBuildPhase;
			buildActionMask = 2147483647;
			files = (
				22A93AA01787C4590074E381 /* XCTest.framework in Frameworks */,
				22A93AA21787C4590074E381 /* UIKit.framework in Frameworks */,
				22A93AA11787C4590074E381 /* Foundation.framework in Frameworks */,
			);
			runOnlyForDeploymentPostprocessing = 0;
		};
/* End PBXFrameworksBuildPhase section */

/* Begin PBXGroup section */
		2291651F1788193A00AAFFF2 /* Processors */ = {
			isa = PBXGroup;
			children = (
				229165201788195500AAFFF2 /* SSVideoCaptureProcessor.h */,
				229165211788195500AAFFF2 /* SSVideoCaptureProcessor.m */,
			);
			path = Processors;
			sourceTree = "<group>";
		};
		22A93A7A1787C4580074E381 = {
			isa = PBXGroup;
			children = (
				22A93A8C1787C4580074E381 /* smileshot */,
				22A93AA51787C4590074E381 /* smileshotTests */,
				22A93A851787C4580074E381 /* Frameworks */,
				22A93A841787C4580074E381 /* Products */,
			);
			sourceTree = "<group>";
		};
		22A93A841787C4580074E381 /* Products */ = {
			isa = PBXGroup;
			children = (
				22A93A831787C4580074E381 /* smileshot.app */,
				22A93A9E1787C4590074E381 /* smileshotTests.xctest */,
			);
			name = Products;
			sourceTree = "<group>";
		};
		22A93A851787C4580074E381 /* Frameworks */ = {
			isa = PBXGroup;
			children = (
				2224E11617885CD800F7EE78 /* ImageIO.framework */,
				2291652317881D9100AAFFF2 /* CoreImage.framework */,
				22A93ABF178804140074E381 /* StoreKit.framework */,
				22A93ABB1787C8B20074E381 /* AVFoundation.framework */,
				22A93A861787C4580074E381 /* Foundation.framework */,
				22A93A881787C4580074E381 /* CoreGraphics.framework */,
				22A93A8A1787C4580074E381 /* UIKit.framework */,
				22A93A9F1787C4590074E381 /* XCTest.framework */,
			);
			name = Frameworks;
			sourceTree = "<group>";
		};
		22A93A8C1787C4580074E381 /* smileshot */ = {
			isa = PBXGroup;
			children = (
				2291651F1788193A00AAFFF2 /* Processors */,
				22A93AC917880C3A0074E381 /* helper */,
				22A93AB51787C67D0074E381 /* UI */,
				22A93A951787C4580074E381 /* AppDelegate.h */,
				22A93A961787C4580074E381 /* AppDelegate.m */,
				22A93A981787C4580074E381 /* Images.xcassets */,
				22A93A8D1787C4580074E381 /* Supporting Files */,
			);
			path = smileshot;
			sourceTree = "<group>";
		};
		22A93A8D1787C4580074E381 /* Supporting Files */ = {
			isa = PBXGroup;
			children = (
				22A93A8E1787C4580074E381 /* smileshot-Info.plist */,
				22A93A8F1787C4580074E381 /* InfoPlist.strings */,
				22A93A921787C4580074E381 /* main.m */,
				22A93A941787C4580074E381 /* smileshot-Prefix.pch */,
			);
			name = "Supporting Files";
			sourceTree = "<group>";
		};
		22A93AA51787C4590074E381 /* smileshotTests */ = {
			isa = PBXGroup;
			children = (
				22A93AAB1787C4590074E381 /* smileshotTests.m */,
				22A93AA61787C4590074E381 /* Supporting Files */,
			);
			path = smileshotTests;
			sourceTree = "<group>";
		};
		22A93AA61787C4590074E381 /* Supporting Files */ = {
			isa = PBXGroup;
			children = (
				22A93AA71787C4590074E381 /* smileshotTests-Info.plist */,
				22A93AA81787C4590074E381 /* InfoPlist.strings */,
			);
			name = "Supporting Files";
			sourceTree = "<group>";
		};
		22A93AB51787C67D0074E381 /* UI */ = {
			isa = PBXGroup;
			children = (
				22A93AC117880C080074E381 /* SSMainViewController.h */,
				22A93AC217880C080074E381 /* SSMainViewController.m */,
				22A93AC317880C080074E381 /* SSMainViewController.xib */,
			);
			name = UI;
			sourceTree = "<group>";
		};
		22A93AC917880C3A0074E381 /* helper */ = {
			isa = PBXGroup;
			children = (
				22A93ACA17880C740074E381 /* AVImageUtil.h */,
				22A93ACB17880C740074E381 /* AVImageUtil.m */,
			);
			path = helper;
			sourceTree = "<group>";
		};
/* End PBXGroup section */

/* Begin PBXNativeTarget section */
		22A93A821787C4580074E381 /* smileshot */ = {
			isa = PBXNativeTarget;
			buildConfigurationList = 22A93AAF1787C4590074E381 /* Build configuration list for PBXNativeTarget "smileshot" */;
			buildPhases = (
				22A93A7F1787C4580074E381 /* Sources */,
				22A93A801787C4580074E381 /* Frameworks */,
				22A93A811787C4580074E381 /* Resources */,
			);
			buildRules = (
			);
			dependencies = (
			);
			name = smileshot;
			productName = smileshot;
			productReference = 22A93A831787C4580074E381 /* smileshot.app */;
			productType = "com.apple.product-type.application";
		};
		22A93A9D1787C4590074E381 /* smileshotTests */ = {
			isa = PBXNativeTarget;
			buildConfigurationList = 22A93AB21787C4590074E381 /* Build configuration list for PBXNativeTarget "smileshotTests" */;
			buildPhases = (
				22A93A9A1787C4590074E381 /* Sources */,
				22A93A9B1787C4590074E381 /* Frameworks */,
				22A93A9C1787C4590074E381 /* Resources */,
			);
			buildRules = (
			);
			dependencies = (
				22A93AA41787C4590074E381 /* PBXTargetDependency */,
			);
			name = smileshotTests;
			productName = smileshotTests;
			productReference = 22A93A9E1787C4590074E381 /* smileshotTests.xctest */;
			productType = "com.apple.product-type.bundle.unit-test";
		};
/* End PBXNativeTarget section */

/* Begin PBXProject section */
		22A93A7B1787C4580074E381 /* Project object */ = {
			isa = PBXProject;
			attributes = {
				LastUpgradeCheck = 0500;
				ORGANIZATIONNAME = "Jin Jin";
				TargetAttributes = {
					22A93A821787C4580074E381 = {
						DevelopmentTeam = XGDRKBH2CV;
						SystemCapabilities = {
							com.apple.DataProtection = {
								enabled = 1;
							};
							com.apple.InAppPurchase = {
								enabled = 1;
							};
						};
					};
					22A93A9D1787C4590074E381 = {
						TestTargetID = 22A93A821787C4580074E381;
					};
				};
			};
			buildConfigurationList = 22A93A7E1787C4580074E381 /* Build configuration list for PBXProject "smileshot" */;
			compatibilityVersion = "Xcode 3.2";
			developmentRegion = English;
			hasScannedForEncodings = 0;
			knownRegions = (
				en,
			);
			mainGroup = 22A93A7A1787C4580074E381;
			productRefGroup = 22A93A841787C4580074E381 /* Products */;
			projectDirPath = "";
			projectRoot = "";
			targets = (
				22A93A821787C4580074E381 /* smileshot */,
				22A93A9D1787C4590074E381 /* smileshotTests */,
			);
		};
/* End PBXProject section */

/* Begin PBXResourcesBuildPhase section */
		22A93A811787C4580074E381 /* Resources */ = {
			isa = PBXResourcesBuildPhase;
			buildActionMask = 2147483647;
			files = (
				22A93A911787C4580074E381 /* InfoPlist.strings in Resources */,
				22A93A991787C4580074E381 /* Images.xcassets in Resources */,
				22A93AC517880C080074E381 /* SSMainViewController.xib in Resources */,
			);
			runOnlyForDeploymentPostprocessing = 0;
		};
		22A93A9C1787C4590074E381 /* Resources */ = {
			isa = PBXResourcesBuildPhase;
			buildActionMask = 2147483647;
			files = (
				22A93AAA1787C4590074E381 /* InfoPlist.strings in Resources */,
			);
			runOnlyForDeploymentPostprocessing = 0;
		};
/* End PBXResourcesBuildPhase section */

/* Begin PBXSourcesBuildPhase section */
		22A93A7F1787C4580074E381 /* Sources */ = {
			isa = PBXSourcesBuildPhase;
			buildActionMask = 2147483647;
			files = (
				22A93AC417880C080074E381 /* SSMainViewController.m in Sources */,
				22A93ACC17880C740074E381 /* AVImageUtil.m in Sources */,
				22A93A971787C4580074E381 /* AppDelegate.m in Sources */,
				229165221788195500AAFFF2 /* SSVideoCaptureProcessor.m in Sources */,
				22A93A931787C4580074E381 /* main.m in Sources */,
			);
			runOnlyForDeploymentPostprocessing = 0;
		};
		22A93A9A1787C4590074E381 /* Sources */ = {
			isa = PBXSourcesBuildPhase;
			buildActionMask = 2147483647;
			files = (
				22A93AAC1787C4590074E381 /* smileshotTests.m in Sources */,
			);
			runOnlyForDeploymentPostprocessing = 0;
		};
/* End PBXSourcesBuildPhase section */

/* Begin PBXTargetDependency section */
		22A93AA41787C4590074E381 /* PBXTargetDependency */ = {
			isa = PBXTargetDependency;
			target = 22A93A821787C4580074E381 /* smileshot */;
			targetProxy = 22A93AA31787C4590074E381 /* PBXContainerItemProxy */;
		};
/* End PBXTargetDependency section */

/* Begin PBXVariantGroup section */
		22A93A8F1787C4580074E381 /* InfoPlist.strings */ = {
			isa = PBXVariantGroup;
			children = (
				22A93A901787C4580074E381 /* en */,
			);
			name = InfoPlist.strings;
			sourceTree = "<group>";
		};
		22A93AA81787C4590074E381 /* InfoPlist.strings */ = {
			isa = PBXVariantGroup;
			children = (
				22A93AA91787C4590074E381 /* en */,
			);
			name = InfoPlist.strings;
			sourceTree = "<group>";
		};
/* End PBXVariantGroup section */

/* Begin XCBuildConfiguration section */
		22A93AAD1787C4590074E381 /* Debug */ = {
			isa = XCBuildConfiguration;
			buildSettings = {
				ALWAYS_SEARCH_USER_PATHS = NO;
				CLANG_CXX_LANGUAGE_STANDARD = "gnu++0x";
				CLANG_CXX_LIBRARY = "libc++";
				CLANG_ENABLE_MODULES = YES;
				CLANG_ENABLE_OBJC_ARC = YES;
				CLANG_WARN_BOOL_CONVERSION = YES;
				CLANG_WARN_CONSTANT_CONVERSION = YES;
				CLANG_WARN_DIRECT_OBJC_ISA_USAGE = YES_ERROR;
				CLANG_WARN_EMPTY_BODY = YES;
				CLANG_WARN_ENUM_CONVERSION = YES;
				CLANG_WARN_INT_CONVERSION = YES;
				CLANG_WARN_OBJC_ROOT_CLASS = YES_ERROR;
				CLANG_WARN__DUPLICATE_METHOD_MATCH = YES;
				"CODE_SIGN_IDENTITY[sdk=iphoneos*]" = "iPhone Developer";
				COPY_PHASE_STRIP = NO;
				GCC_C_LANGUAGE_STANDARD = gnu99;
				GCC_DYNAMIC_NO_PIC = NO;
				GCC_OPTIMIZATION_LEVEL = 0;
				GCC_PREPROCESSOR_DEFINITIONS = (
					"DEBUG=1",
					"$(inherited)",
				);
				GCC_SYMBOLS_PRIVATE_EXTERN = NO;
				GCC_WARN_ABOUT_RETURN_TYPE = YES_ERROR;
				GCC_WARN_UNDECLARED_SELECTOR = YES;
				GCC_WARN_UNINITIALIZED_AUTOS = YES;
				GCC_WARN_UNUSED_FUNCTION = YES;
				GCC_WARN_UNUSED_VARIABLE = YES;
				IPHONEOS_DEPLOYMENT_TARGET = 7.0;
				ONLY_ACTIVE_ARCH = YES;
				SDKROOT = iphoneos;
			};
			name = Debug;
		};
		22A93AAE1787C4590074E381 /* Release */ = {
			isa = XCBuildConfiguration;
			buildSettings = {
				ALWAYS_SEARCH_USER_PATHS = NO;
				CLANG_CXX_LANGUAGE_STANDARD = "gnu++0x";
				CLANG_CXX_LIBRARY = "libc++";
				CLANG_ENABLE_MODULES = YES;
				CLANG_ENABLE_OBJC_ARC = YES;
				CLANG_WARN_BOOL_CONVERSION = YES;
				CLANG_WARN_CONSTANT_CONVERSION = YES;
				CLANG_WARN_DIRECT_OBJC_ISA_USAGE = YES_ERROR;
				CLANG_WARN_EMPTY_BODY = YES;
				CLANG_WARN_ENUM_CONVERSION = YES;
				CLANG_WARN_INT_CONVERSION = YES;
				CLANG_WARN_OBJC_ROOT_CLASS = YES_ERROR;
				CLANG_WARN__DUPLICATE_METHOD_MATCH = YES;
				"CODE_SIGN_IDENTITY[sdk=iphoneos*]" = "iPhone Developer";
				COPY_PHASE_STRIP = YES;
				ENABLE_NS_ASSERTIONS = NO;
				GCC_C_LANGUAGE_STANDARD = gnu99;
				GCC_WARN_ABOUT_RETURN_TYPE = YES_ERROR;
				GCC_WARN_UNDECLARED_SELECTOR = YES;
				GCC_WARN_UNINITIALIZED_AUTOS = YES;
				GCC_WARN_UNUSED_FUNCTION = YES;
				GCC_WARN_UNUSED_VARIABLE = YES;
				IPHONEOS_DEPLOYMENT_TARGET = 7.0;
				SDKROOT = iphoneos;
				VALIDATE_PRODUCT = YES;
			};
			name = Release;
		};
		22A93AB01787C4590074E381 /* Debug */ = {
			isa = XCBuildConfiguration;
			buildSettings = {
				ASSETCATALOG_COMPILER_APPICON_NAME = AppIcon;
				ASSETCATALOG_COMPILER_LAUNCHIMAGE_NAME = LaunchImage;
				CODE_SIGN_IDENTITY = "iPhone Developer: Jin Jin (65575TZ23L)";
				GCC_PRECOMPILE_PREFIX_HEADER = YES;
				GCC_PREFIX_HEADER = "smileshot/smileshot-Prefix.pch";
				INFOPLIST_FILE = "smileshot/smileshot-Info.plist";
				PRODUCT_NAME = "$(TARGET_NAME)";
				PROVISIONING_PROFILE = "E4F59FD5-1A5B-40A3-96B3-783137BFA6C1";
				WRAPPER_EXTENSION = app;
			};
			name = Debug;
		};
		22A93AB11787C4590074E381 /* Release */ = {
			isa = XCBuildConfiguration;
			buildSettings = {
				ASSETCATALOG_COMPILER_APPICON_NAME = AppIcon;
				ASSETCATALOG_COMPILER_LAUNCHIMAGE_NAME = LaunchImage;
				CODE_SIGN_IDENTITY = "iPhone Distribution";
				GCC_PRECOMPILE_PREFIX_HEADER = YES;
				GCC_PREFIX_HEADER = "smileshot/smileshot-Prefix.pch";
				INFOPLIST_FILE = "smileshot/smileshot-Info.plist";
				PRODUCT_NAME = "$(TARGET_NAME)";
				WRAPPER_EXTENSION = app;
			};
			name = Release;
		};
		22A93AB31787C4590074E381 /* Debug */ = {
			isa = XCBuildConfiguration;
			buildSettings = {
				BUNDLE_LOADER = "$(BUILT_PRODUCTS_DIR)/smileshot.app/smileshot";
				FRAMEWORK_SEARCH_PATHS = (
					"$(SDKROOT)/Developer/Library/Frameworks",
					"$(inherited)",
					"$(SYSTEM_APPS_DIR)/Xcode5-DP.app/Contents/Developer/Library/Frameworks",
				);
				GCC_PRECOMPILE_PREFIX_HEADER = YES;
				GCC_PREFIX_HEADER = "smileshot/smileshot-Prefix.pch";
				GCC_PREPROCESSOR_DEFINITIONS = (
					"DEBUG=1",
					"$(inherited)",
				);
				INFOPLIST_FILE = "smileshotTests/smileshotTests-Info.plist";
				PRODUCT_NAME = "$(TARGET_NAME)";
				TEST_HOST = "$(BUNDLE_LOADER)";
				WRAPPER_EXTENSION = xctest;
			};
			name = Debug;
		};
		22A93AB41787C4590074E381 /* Release */ = {
			isa = XCBuildConfiguration;
			buildSettings = {
				BUNDLE_LOADER = "$(BUILT_PRODUCTS_DIR)/smileshot.app/smileshot";
				FRAMEWORK_SEARCH_PATHS = (
					"$(SDKROOT)/Developer/Library/Frameworks",
					"$(inherited)",
					"$(SYSTEM_APPS_DIR)/Xcode5-DP.app/Contents/Developer/Library/Frameworks",
				);
				GCC_PRECOMPILE_PREFIX_HEADER = YES;
				GCC_PREFIX_HEADER = "smileshot/smileshot-Prefix.pch";
				INFOPLIST_FILE = "smileshotTests/smileshotTests-Info.plist";
				PRODUCT_NAME = "$(TARGET_NAME)";
				TEST_HOST = "$(BUNDLE_LOADER)";
				WRAPPER_EXTENSION = xctest;
			};
			name = Release;
		};
/* End XCBuildConfiguration section */

/* Begin XCConfigurationList section */
		22A93A7E1787C4580074E381 /* Build configuration list for PBXProject "smileshot" */ = {
			isa = XCConfigurationList;
			buildConfigurations = (
				22A93AAD1787C4590074E381 /* Debug */,
				22A93AAE1787C4590074E381 /* Release */,
			);
			defaultConfigurationIsVisible = 0;
			defaultConfigurationName = Release;
		};
		22A93AAF1787C4590074E381 /* Build configuration list for PBXNativeTarget "smileshot" */ = {
			isa = XCConfigurationList;
			buildConfigurations = (
				22A93AB01787C4590074E381 /* Debug */,
				22A93AB11787C4590074E381 /* Release */,
			);
			defaultConfigurationIsVisible = 0;
			defaultConfigurationName = Release;
		};
		22A93AB21787C4590074E381 /* Build configuration list for PBXNativeTarget "smileshotTests" */ = {
			isa = XCConfigurationList;
			buildConfigurations = (
				22A93AB31787C4590074E381 /* Debug */,
				22A93AB41787C4590074E381 /* Release */,
			);
			defaultConfigurationIsVisible = 0;
			defaultConfigurationName = Release;
		};
/* End XCConfigurationList section */
	};
	rootObject = 22A93A7B1787C4580074E381 /* Project object */;
}
